
Microsoft Visual Studio Solution File, Format Version 12.00
# Visual Studio Version 17
VisualStudioVersion = 17.9.34728.123
MinimumVisualStudioVersion = 10.0.40219.1
Project("{FAE04EC0-301F-11D3-BF4B-00C04F79EFBC}") = "Hi-TechLibrary", "Hi-TechLibrary\Hi-TechLibrary.csproj", "{6958173C-AC50-4D2A-8503-311A87326CBB}"
EndProject
Project("{FAE04EC0-301F-11D3-BF4B-00C04F79EFBC}") = "InventoryManager", "Inventory\InventoryManager.csproj", "{18DB8A90-2631-44A6-BE4E-E61BD4A5E509}"
EndProject
Project("{FAE04EC0-301F-11D3-BF4B-00C04F79EFBC}") = "OrderManager", "Customer-Order\OrderManager.csproj", "{A00574E4-D38F-4A06-BE4C-24B06F322F17}"
EndProject
Project("{FAE04EC0-301F-11D3-BF4B-00C04F79EFBC}") = "EmployeeManager", "Employee\EmployeeManager.csproj", "{947C6123-3EED-4560-8EEE-A0A97AE392DD}"
EndProject
Project("{FAE04EC0-301F-11D3-BF4B-00C04F79EFBC}") = "Main", "Main\Main.csproj", "{2D02DD02-2740-4AAF-BBFB-A0F3977C2737}"
EndProject
Project("{FAE04EC0-301F-11D3-BF4B-00C04F79EFBC}") = "CustomerManager", "CustomerManager\CustomerManager.csproj", "{208182EF-2922-465E-A07E-1B5B9BB4E7C5}"
EndProject
Global
	GlobalSection(SolutionConfigurationPlatforms) = preSolution
		Debug|Any CPU = Debug|Any CPU
		Release|Any CPU = Release|Any CPU
	EndGlobalSection
	GlobalSection(ProjectConfigurationPlatforms) = postSolution
		{6958173C-AC50-4D2A-8503-311A87326CBB}.Debug|Any CPU.ActiveCfg = Debug|Any CPU
		{6958173C-AC50-4D2A-8503-311A87326CBB}.Debug|Any CPU.Build.0 = Debug|Any CPU
		{6958173C-AC50-4D2A-8503-311A87326CBB}.Release|Any CPU.ActiveCfg = Release|Any CPU
		{6958173C-AC50-4D2A-8503-311A87326CBB}.Release|Any CPU.Build.0 = Release|Any CPU
		{18DB8A90-2631-44A6-BE4E-E61BD4A5E509}.Debug|Any CPU.ActiveCfg = Debug|Any CPU
		{18DB8A90-2631-44A6-BE4E-E61BD4A5E509}.Debug|Any CPU.Build.0 = Debug|Any CPU
		{18DB8A90-2631-44A6-BE4E-E61BD4A5E509}.Release|Any CPU.ActiveCfg = Release|Any CPU
		{18DB8A90-2631-44A6-BE4E-E61BD4A5E509}.Release|Any CPU.Build.0 = Release|Any CPU
		{A00574E4-D38F-4A06-BE4C-24B06F322F17}.Debug|Any CPU.ActiveCfg = Debug|Any CPU
		{A00574E4-D38F-4A06-BE4C-24B06F322F17}.Debug|Any CPU.Build.0 = Debug|Any CPU
		{A00574E4-D38F-4A06-BE4C-24B06F322F17}.Release|Any CPU.ActiveCfg = Release|Any CPU
		{A00574E4-D38F-4A06-BE4C-24B06F322F17}.Release|Any CPU.Build.0 = Release|Any CPU
		{947C6123-3EED-4560-8EEE-A0A97AE392DD}.Debug|Any CPU.ActiveCfg = Debug|Any CPU
		{947C6123-3EED-4560-8EEE-A0A97AE392DD}.Debug|Any CPU.Build.0 = Debug|Any CPU
		{947C6123-3EED-4560-8EEE-A0A97AE392DD}.Release|Any CPU.ActiveCfg = Release|Any CPU
		{947C6123-3EED-4560-8EEE-A0A97AE392DD}.Release|Any CPU.Build.0 = Release|Any CPU
		{2D02DD02-2740-4AAF-BBFB-A0F3977C2737}.Debug|Any CPU.ActiveCfg = Debug|Any CPU
		{2D02DD02-2740-4AAF-BBFB-A0F3977C2737}.Debug|Any CPU.Build.0 = Debug|Any CPU
		{2D02DD02-2740-4AAF-BBFB-A0F3977C2737}.Release|Any CPU.ActiveCfg = Release|Any CPU
		{2D02DD02-2740-4AAF-BBFB-A0F3977C2737}.Release|Any CPU.Build.0 = Release|Any CPU
		{208182EF-2922-465E-A07E-1B5B9BB4E7C5}.Debug|Any CPU.ActiveCfg = Debug|Any CPU
		{208182EF-2922-465E-A07E-1B5B9BB4E7C5}.Debug|Any CPU.Build.0 = Debug|Any CPU
		{208182EF-2922-465E-A07E-1B5B9BB4E7C5}.Release|Any CPU.ActiveCfg = Release|Any CPU
		{208182EF-2922-465E-A07E-1B5B9BB4E7C5}.Release|Any CPU.Build.0 = Release|Any CPU
	EndGlobalSection
	GlobalSection(SolutionProperties) = preSolution
		HideSolutionNode = FALSE
	EndGlobalSection
	GlobalSection(ExtensibilityGlobals) = postSolution
		SolutionGuid = {C0D7510A-DC40-46BC-94EE-67F15C1277C0}
	EndGlobalSection
EndGlobal
